github.com/brianvoe/gofakeit/v7 v7.0.2 h1:jzYT7Ge3RDHw7J1CM1kwu0OQywV9vbf2qSGxBS72TCY=
github.com/brianvoe/gofakeit/v7 v7.0.2/go.mod h1:QXuPeBw164PJCzCUZVmgpgHJ3Llj49jSLVkKPMtxtxA=
golang.org/x/exp v0.0.0-20240409090435-93d18d7e34b8 h1:ESSUROHIBHg7USnszlcdmjBEwdMj9VUvU+OPk4yl2mc=
golang.org/x/exp v0.0.0-20240409090435-93d18d7e34b8/go.mod h1:/lliqkxwWAhPjf5oSOIJup2XcqJaw8RGS6k3TGEc7GI=
